
Microsoft Visual Studio Solution File, Format Version 12.00
# Visual Studio Version 17
VisualStudioVersion = 17.10.35013.160
MinimumVisualStudioVersion = 10.0.40219.1
Project("{9A19103F-16F7-4668-BE54-9A1E7A4F7556}") = "PBOBarberMate", "PBOBarberMate.csproj", "{CABFC79F-20C8-423B-9A62-208C7CAFB2F4}"
EndProject
Global
	GlobalSection(SolutionConfigurationPlatforms) = preSolution
		Debug|Any CPU = Debug|Any CPU
		Release|Any CPU = Release|Any CPU
	EndGlobalSection
	GlobalSection(ProjectConfigurationPlatforms) = postSolution
		{CABFC79F-20C8-423B-9A62-208C7CAFB2F4}.Debug|Any CPU.ActiveCfg = Debug|Any CPU
		{CABFC79F-20C8-423B-9A62-208C7CAFB2F4}.Debug|Any CPU.Build.0 = Debug|Any CPU
		{CABFC79F-20C8-423B-9A62-208C7CAFB2F4}.Release|Any CPU.ActiveCfg = Release|Any CPU
		{CABFC79F-20C8-423B-9A62-208C7CAFB2F4}.Release|Any CPU.Build.0 = Release|Any CPU
	EndGlobalSection
	GlobalSection(SolutionProperties) = preSolution
		HideSolutionNode = FALSE
	EndGlobalSection
	GlobalSection(ExtensibilityGlobals) = postSolution
		SolutionGuid = {07ED184C-CBA6-4726-B5C3-C2A465F2D84C}
	EndGlobalSection
EndGlobal
